# This file is automatically @generated by Cargo.
# It is not intended for manual editing.
version = 4

[[package]]
name = "rustyecon-agents"
version = "0.2.0"
dependencies = [
 "rustyecon-core",
 "rustyecon-markets",
]

[[package]]
name = "rustyecon-certify"
version = "0.2.0"
dependencies = [
 "rustyecon-core",
]

[[package]]
name = "rustyecon-cli"
version = "0.2.0"
dependencies = [
 "rustyecon-agents",
 "rustyecon-certify",
 "rustyecon-core",
 "rustyecon-markets",
 "rustyecon-worldgen",
]

[[package]]
name = "rustyecon-core"
version = "0.2.0"

[[package]]
name = "rustyecon-markets"
version = "0.2.0"
dependencies = [
 "rustyecon-core",
]

[[package]]
name = "rustyecon-worldgen"
version = "0.2.0"
dependencies = [
 "rustyecon-core",
]
